uuid: 7df6aa40-97b3-460f-9025-39fecffa3fce
langcode: en
status: true
dependencies:
  config:
    - field.storage.paragraph.field_selected_block
    - paragraphs.paragraphs_type.custom_block_section
  module:
    - block_field
id: paragraph.custom_block_section.field_selected_block
field_name: field_selected_block
entity_type: paragraph
bundle: custom_block_section
label: 'Selected block'
description: 'Choose an item from the content block library.'
required: false
translatable: false
default_value: {  }
default_value_callback: ''
settings:
  selection: categories
  selection_settings:
    categories:
      Custom: Custom
      'UNB Libraries': 'UNB Libraries'
      Views: Views
      Block: '0'
      'Chaos Tools': '0'
      'Contact message fields': '0'
      Content: '0'
      'Content fields': '0'
      core: '0'
      'Custom block fields': '0'
      'Custom menu link fields': '0'
      Devel: '0'
      'File fields': '0'
      Forms: '0'
      'Group fields': '0'
      Help: '0'
      'Inline blocks': '0'
      'Lists (Views)': '0'
      'Media fields': '0'
      Menus: '0'
      'Node taxonomy path fields': '0'
      'Paragraph fields': '0'
      System: '0'
      'Taxonomy term fields': '0'
      User: '0'
      'User fields': '0'
      Webform: '0'
      'Webform submission fields': '0'
field_type: block_field
